
Microsoft Visual Studio Solution File, Format Version 12.00
# Visual Studio Version 17
VisualStudioVersion = 17.3.32811.315
MinimumVisualStudioVersion = 10.0.40219.1
Project("{FAE04EC0-301F-11D3-BF4B-00C04F79EFBC}") = "WindowsService", "WindowsService.csproj", "{865C0673-53A5-4D96-9AC8-CB059690726E}"
EndProject
Global
	GlobalSection(SolutionConfigurationPlatforms) = preSolution
		Debug|Any CPU = Debug|Any CPU
		Debug|x64 = Debug|x64
		Release|Any CPU = Release|Any CPU
		Release|x64 = Release|x64
	EndGlobalSection
	GlobalSection(ProjectConfigurationPlatforms) = postSolution
		{865C0673-53A5-4D96-9AC8-CB059690726E}.Debug|Any CPU.ActiveCfg = Debug|Any CPU
		{865C0673-53A5-4D96-9AC8-CB059690726E}.Debug|Any CPU.Build.0 = Debug|Any CPU
		{865C0673-53A5-4D96-9AC8-CB059690726E}.Debug|x64.ActiveCfg = Debug|x64
		{865C0673-53A5-4D96-9AC8-CB059690726E}.Debug|x64.Build.0 = Debug|x64
		{865C0673-53A5-4D96-9AC8-CB059690726E}.Release|Any CPU.ActiveCfg = Release|Any CPU
		{865C0673-53A5-4D96-9AC8-CB059690726E}.Release|Any CPU.Build.0 = Release|Any CPU
		{865C0673-53A5-4D96-9AC8-CB059690726E}.Release|x64.ActiveCfg = Release|x64
		{865C0673-53A5-4D96-9AC8-CB059690726E}.Release|x64.Build.0 = Release|x64
	EndGlobalSection
	GlobalSection(SolutionProperties) = preSolution
		HideSolutionNode = FALSE
	EndGlobalSection
	GlobalSection(ExtensibilityGlobals) = postSolution
		SolutionGuid = {36F6716C-FFAE-40E3-AC3B-769695BD2CC5}
	EndGlobalSection
EndGlobal
